
Microsoft Visual Studio Solution File, Format Version 12.00
# Visual Studio Version 17
VisualStudioVersion = 17.7.34031.279
MinimumVisualStudioVersion = 10.0.40219.1
Project("{FAE04EC0-301F-11D3-BF4B-00C04F79EFBC}") = "PhaseEndProj2-TextFileForCreate,Read&AppendTeacherData", "PhaseEndProj2-TextFileForCreate,Read&AppendTeacherData\PhaseEndProj2-TextFileForCreate,Read&AppendTeacherData.csproj", "{5DF316E2-BD39-4A66-836A-710CAAF6928D}"
EndProject
Global
	GlobalSection(SolutionConfigurationPlatforms) = preSolution
		Debug|Any CPU = Debug|Any CPU
		Release|Any CPU = Release|Any CPU
	EndGlobalSection
	GlobalSection(ProjectConfigurationPlatforms) = postSolution
		{5DF316E2-BD39-4A66-836A-710CAAF6928D}.Debug|Any CPU.ActiveCfg = Debug|Any CPU
		{5DF316E2-BD39-4A66-836A-710CAAF6928D}.Debug|Any CPU.Build.0 = Debug|Any CPU
		{5DF316E2-BD39-4A66-836A-710CAAF6928D}.Release|Any CPU.ActiveCfg = Release|Any CPU
		{5DF316E2-BD39-4A66-836A-710CAAF6928D}.Release|Any CPU.Build.0 = Release|Any CPU
	EndGlobalSection
	GlobalSection(SolutionProperties) = preSolution
		HideSolutionNode = FALSE
	EndGlobalSection
	GlobalSection(ExtensibilityGlobals) = postSolution
		SolutionGuid = {F93BAD5E-2DFB-42B6-B1E8-C3ED7E88113B}
	EndGlobalSection
EndGlobal
